
Microsoft Visual Studio Solution File, Format Version 12.00
# Visual Studio 2013
VisualStudioVersion = 12.0.30110.0
MinimumVisualStudioVersion = 10.0.40219.1
Project("{FAE04EC0-301F-11D3-BF4B-00C04F79EFBC}") = "HappyStation.Web", "HappyStation.Web\HappyStation.Web.csproj", "{10D27497-D165-401D-B31A-2702B1EAA54F}"
EndProject
Project("{FAE04EC0-301F-11D3-BF4B-00C04F79EFBC}") = "HappyStation.Core", "HappyStation.Core\HappyStation.Core.csproj", "{CA7688E4-6848-4E74-AFB4-F0B5EC1E553F}"
EndProject
Project("{FAE04EC0-301F-11D3-BF4B-00C04F79EFBC}") = "HappyStation.ConsoleTests", "HappyStation.ConsoleTests\HappyStation.ConsoleTests.csproj", "{3F2FDC5B-7BFF-4757-B4FD-EC1845430876}"
EndProject
Project("{2150E333-8FDC-42A3-9474-1A3956D46DE8}") = ".nuget", ".nuget", "{3DD22A4A-0C59-41BF-A7C5-5174BE45F486}"
	ProjectSection(SolutionItems) = preProject
		.nuget\NuGet.Config = .nuget\NuGet.Config
		.nuget\NuGet.exe = .nuget\NuGet.exe
		.nuget\NuGet.targets = .nuget\NuGet.targets
	EndProjectSection
EndProject
Project("{FAE04EC0-301F-11D3-BF4B-00C04F79EFBC}") = "HappyStation.Common", "HappyStation.Common\HappyStation.Common.csproj", "{94E5216D-0B54-455C-8C47-3DC2E7C69403}"
EndProject
Global
	GlobalSection(SolutionConfigurationPlatforms) = preSolution
		Debug|Any CPU = Debug|Any CPU
		Release|Any CPU = Release|Any CPU
	EndGlobalSection
	GlobalSection(ProjectConfigurationPlatforms) = postSolution
		{10D27497-D165-401D-B31A-2702B1EAA54F}.Debug|Any CPU.ActiveCfg = Debug|Any CPU
		{10D27497-D165-401D-B31A-2702B1EAA54F}.Debug|Any CPU.Build.0 = Debug|Any CPU
		{10D27497-D165-401D-B31A-2702B1EAA54F}.Release|Any CPU.ActiveCfg = Release|Any CPU
		{10D27497-D165-401D-B31A-2702B1EAA54F}.Release|Any CPU.Build.0 = Release|Any CPU
		{CA7688E4-6848-4E74-AFB4-F0B5EC1E553F}.Debug|Any CPU.ActiveCfg = Debug|Any CPU
		{CA7688E4-6848-4E74-AFB4-F0B5EC1E553F}.Debug|Any CPU.Build.0 = Debug|Any CPU
		{CA7688E4-6848-4E74-AFB4-F0B5EC1E553F}.Release|Any CPU.ActiveCfg = Release|Any CPU
		{CA7688E4-6848-4E74-AFB4-F0B5EC1E553F}.Release|Any CPU.Build.0 = Release|Any CPU
		{3F2FDC5B-7BFF-4757-B4FD-EC1845430876}.Debug|Any CPU.ActiveCfg = Debug|Any CPU
		{3F2FDC5B-7BFF-4757-B4FD-EC1845430876}.Debug|Any CPU.Build.0 = Debug|Any CPU
		{3F2FDC5B-7BFF-4757-B4FD-EC1845430876}.Release|Any CPU.ActiveCfg = Release|Any CPU
		{3F2FDC5B-7BFF-4757-B4FD-EC1845430876}.Release|Any CPU.Build.0 = Release|Any CPU
		{94E5216D-0B54-455C-8C47-3DC2E7C69403}.Debug|Any CPU.ActiveCfg = Debug|Any CPU
		{94E5216D-0B54-455C-8C47-3DC2E7C69403}.Debug|Any CPU.Build.0 = Debug|Any CPU
		{94E5216D-0B54-455C-8C47-3DC2E7C69403}.Release|Any CPU.ActiveCfg = Release|Any CPU
		{94E5216D-0B54-455C-8C47-3DC2E7C69403}.Release|Any CPU.Build.0 = Release|Any CPU
	EndGlobalSection
	GlobalSection(SolutionProperties) = preSolution
		HideSolutionNode = FALSE
	EndGlobalSection
EndGlobal
